// !$*UTF8*$!
{
	archiveVersion = 1;
	classes = {
	};
	objectVersion = 48;
	objects = {

/* Begin PBXBuildFile section */
		E8CB8E3020006EF700519A4A /* AppDelegate.m in Sources */ = {isa = PBXBuildFile; fileRef = E8CB8E2F20006EF700519A4A /* AppDelegate.m */; };
		E8CB8E3320006EF800519A4A /* ViewController.m in Sources */ = {isa = PBXBuildFile; fileRef = E8CB8E3220006EF800519A4A /* ViewController.m */; };
		E8CB8E3620006EF800519A4A /* Main.storyboard in Resources */ = {isa = PBXBuildFile; fileRef = E8CB8E3420006EF800519A4A /* Main.storyboard */; };
		E8CB8E3920006EF800519A4A /* FacebookLogin.xcdatamodeld in Sources */ = {isa = PBXBuildFile; fileRef = E8CB8E3720006EF800519A4A /* FacebookLogin.xcdatamodeld */; };
		E8CB8E3B20006EF800519A4A /* Assets.xcassets in Resources */ = {isa = PBXBuildFile; fileRef = E8CB8E3A20006EF800519A4A /* Assets.xcassets */; };
		E8CB8E3E20006EF800519A4A /* LaunchScreen.storyboard in Resources */ = {isa = PBXBuildFile; fileRef = E8CB8E3C20006EF800519A4A /* LaunchScreen.storyboard */; };
		E8CB8E4120006EF800519A4A /* main.m in Sources */ = {isa = PBXBuildFile; fileRef = E8CB8E4020006EF800519A4A /* main.m */; };
		E8CB8E4B20006EF800519A4A /* FacebookLoginTests.m in Sources */ = {isa = PBXBuildFile; fileRef = E8CB8E4A20006EF800519A4A /* FacebookLoginTests.m */; };
		E8CB8E5620006EF800519A4A /* FacebookLoginUITests.m in Sources */ = {isa = PBXBuildFile; fileRef = E8CB8E5520006EF800519A4A /* FacebookLoginUITests.m */; };
		E8CB8E652000710F00519A4A /* Bolts.framework in Frameworks */ = {isa = PBXBuildFile; fileRef = E8CB8E642000710E00519A4A /* Bolts.framework */; };
		E8CB8E672000712000519A4A /* FBSDKCoreKit.framework in Frameworks */ = {isa = PBXBuildFile; fileRef = E8CB8E662000712000519A4A /* FBSDKCoreKit.framework */; };
		E8CB8E692000712D00519A4A /* FBSDKLoginKit.framework in Frameworks */ = {isa = PBXBuildFile; fileRef = E8CB8E682000712D00519A4A /* FBSDKLoginKit.framework */; };
		E8CB8E6C2001B74A00519A4A /* HomeViewController.m in Sources */ = {isa = PBXBuildFile; fileRef = E8CB8E6B2001B74A00519A4A /* HomeViewController.m */; };
/* End PBXBuildFile section */

/* Begin PBXContainerItemProxy section */
		E8CB8E4720006EF800519A4A /* PBXContainerItemProxy */ = {
			isa = PBXContainerItemProxy;
			containerPortal = E8CB8E2320006EF700519A4A /* Project object */;
			proxyType = 1;
			remoteGlobalIDString = E8CB8E2A20006EF700519A4A;
			remoteInfo = FacebookLogin;
		};
		E8CB8E5220006EF800519A4A /* PBXContainerItemProxy */ = {
			isa = PBXContainerItemProxy;
			containerPortal = E8CB8E2320006EF700519A4A /* Project object */;
			proxyType = 1;
			remoteGlobalIDString = E8CB8E2A20006EF700519A4A;
			remoteInfo = FacebookLogin;
		};
/* End PBXContainerItemProxy section */

/* Begin PBXFileReference section */
		E8CB8E2B20006EF700519A4A /* FacebookLogin.app */ = {isa = PBXFileReference; explicitFileType = wrapper.application; includeInIndex = 0; path = FacebookLogin.app; sourceTree = BUILT_PRODUCTS_DIR; };
		E8CB8E2E20006EF700519A4A /* AppDelegate.h */ = {isa = PBXFileReference; lastKnownFileType = sourcecode.c.h; path = AppDelegate.h; sourceTree = "<group>"; };
		E8CB8E2F20006EF700519A4A /* AppDelegate.m */ = {isa = PBXFileReference; lastKnownFileType = sourcecode.c.objc; path = AppDelegate.m; sourceTree = "<group>"; };
		E8CB8E3120006EF800519A4A /* ViewController.h */ = {isa = PBXFileReference; lastKnownFileType = sourcecode.c.h; path = ViewController.h; sourceTree = "<group>"; };
		E8CB8E3220006EF800519A4A /* ViewController.m */ = {isa = PBXFileReference; lastKnownFileType = sourcecode.c.objc; path = ViewController.m; sourceTree = "<group>"; };
		E8CB8E3520006EF800519A4A /* Base */ = {isa = PBXFileReference; lastKnownFileType = file.storyboard; name = Base; path = Base.lproj/Main.storyboard; sourceTree = "<group>"; };
		E8CB8E3820006EF800519A4A /* FacebookLogin.xcdatamodel */ = {isa = PBXFileReference; lastKnownFileType = wrapper.xcdatamodel; path = FacebookLogin.xcdatamodel; sourceTree = "<group>"; };
		E8CB8E3A20006EF800519A4A /* Assets.xcassets */ = {isa = PBXFileReference; lastKnownFileType = folder.assetcatalog; path = Assets.xcassets; sourceTree = "<group>"; };
		E8CB8E3D20006EF800519A4A /* Base */ = {isa = PBXFileReference; lastKnownFileType = file.storyboard; name = Base; path = Base.lproj/LaunchScreen.storyboard; sourceTree = "<group>"; };
		E8CB8E3F20006EF800519A4A /* Info.plist */ = {isa = PBXFileReference; lastKnownFileType = text.plist.xml; path = Info.plist; sourceTree = "<group>"; };
		E8CB8E4020006EF800519A4A /* main.m */ = {isa = PBXFileReference; lastKnownFileType = sourcecode.c.objc; path = main.m; sourceTree = "<group>"; };
		E8CB8E4620006EF800519A4A /* FacebookLoginTests.xctest */ = {isa = PBXFileReference; explicitFileType = wrapper.cfbundle; includeInIndex = 0; path = FacebookLoginTests.xctest; sourceTree = BUILT_PRODUCTS_DIR; };
		E8CB8E4A20006EF800519A4A /* FacebookLoginTests.m */ = {isa = PBXFileReference; lastKnownFileType = sourcecode.c.objc; path = FacebookLoginTests.m; sourceTree = "<group>"; };
		E8CB8E4C20006EF800519A4A /* Info.plist */ = {isa = PBXFileReference; lastKnownFileType = text.plist.xml; path = Info.plist; sourceTree = "<group>"; };
		E8CB8E5120006EF800519A4A /* FacebookLoginUITests.xctest */ = {isa = PBXFileReference; explicitFileType = wrapper.cfbundle; includeInIndex = 0; path = FacebookLoginUITests.xctest; sourceTree = BUILT_PRODUCTS_DIR; };
		E8CB8E5520006EF800519A4A /* FacebookLoginUITests.m */ = {isa = PBXFileReference; lastKnownFileType = sourcecode.c.objc; path = FacebookLoginUITests.m; sourceTree = "<group>"; };
		E8CB8E5720006EF800519A4A /* Info.plist */ = {isa = PBXFileReference; lastKnownFileType = text.plist.xml; path = Info.plist; sourceTree = "<group>"; };
		E8CB8E642000710E00519A4A /* Bolts.framework */ = {isa = PBXFileReference; lastKnownFileType = wrapper.framework; path = Bolts.framework; sourceTree = "<group>"; };
		E8CB8E662000712000519A4A /* FBSDKCoreKit.framework */ = {isa = PBXFileReference; lastKnownFileType = wrapper.framework; path = FBSDKCoreKit.framework; sourceTree = "<group>"; };
		E8CB8E682000712D00519A4A /* FBSDKLoginKit.framework */ = {isa = PBXFileReference; lastKnownFileType = wrapper.framework; path = FBSDKLoginKit.framework; sourceTree = "<group>"; };
		E8CB8E6A2001B74A00519A4A /* HomeViewController.h */ = {isa = PBXFileReference; lastKnownFileType = sourcecode.c.h; path = HomeViewController.h; sourceTree = "<group>"; };
		E8CB8E6B2001B74A00519A4A /* HomeViewController.m */ = {isa = PBXFileReference; lastKnownFileType = sourcecode.c.objc; path = HomeViewController.m; sourceTree = "<group>"; };
/* End PBXFileReference section */

/* Begin PBXFrameworksBuildPhase section */
		E8CB8E2820006EF700519A4A /* Frameworks */ = {
			isa = PBXFrameworksBuildPhase;
			buildActionMask = 2147483647;
			files = (
				E8CB8E652000710F00519A4A /* Bolts.framework in Frameworks */,
				E8CB8E672000712000519A4A /* FBSDKCoreKit.framework in Frameworks */,
				E8CB8E692000712D00519A4A /* FBSDKLoginKit.framework in Frameworks */,
			);
			runOnlyForDeploymentPostprocessing = 0;
		};
		E8CB8E4320006EF800519A4A /* Frameworks */ = {
			isa = PBXFrameworksBuildPhase;
			buildActionMask = 2147483647;
			files = (
			);
			runOnlyForDeploymentPostprocessing = 0;
		};
		E8CB8E4E20006EF800519A4A /* Frameworks */ = {
			isa = PBXFrameworksBuildPhase;
			buildActionMask = 2147483647;
			files = (
			);
			runOnlyForDeploymentPostprocessing = 0;
		};
/* End PBXFrameworksBuildPhase section */

/* Begin PBXGroup section */
		E8CB8E2220006EF700519A4A = {
			isa = PBXGroup;
			children = (
				E8CB8E6320006F0C00519A4A /* Frameworks */,
				E8CB8E2D20006EF700519A4A /* FacebookLogin */,
				E8CB8E4920006EF800519A4A /* FacebookLoginTests */,
				E8CB8E5420006EF800519A4A /* FacebookLoginUITests */,
				E8CB8E2C20006EF700519A4A /* Products */,
			);
			sourceTree = "<group>";
		};
		E8CB8E2C20006EF700519A4A /* Products */ = {
			isa = PBXGroup;
			children = (
				E8CB8E2B20006EF700519A4A /* FacebookLogin.app */,
				E8CB8E4620006EF800519A4A /* FacebookLoginTests.xctest */,
				E8CB8E5120006EF800519A4A /* FacebookLoginUITests.xctest */,
			);
			name = Products;
			sourceTree = "<group>";
		};
		E8CB8E2D20006EF700519A4A /* FacebookLogin */ = {
			isa = PBXGroup;
			children = (
				E8CB8E2E20006EF700519A4A /* AppDelegate.h */,
				E8CB8E6A2001B74A00519A4A /* HomeViewController.h */,
				E8CB8E6B2001B74A00519A4A /* HomeViewController.m */,
				E8CB8E2F20006EF700519A4A /* AppDelegate.m */,
				E8CB8E3120006EF800519A4A /* ViewController.h */,
				E8CB8E3220006EF800519A4A /* ViewController.m */,
				E8CB8E3420006EF800519A4A /* Main.storyboard */,
				E8CB8E3A20006EF800519A4A /* Assets.xcassets */,
				E8CB8E3C20006EF800519A4A /* LaunchScreen.storyboard */,
				E8CB8E3F20006EF800519A4A /* Info.plist */,
				E8CB8E4020006EF800519A4A /* main.m */,
				E8CB8E3720006EF800519A4A /* FacebookLogin.xcdatamodeld */,
			);
			path = FacebookLogin;
			sourceTree = "<group>";
		};
		E8CB8E4920006EF800519A4A /* FacebookLoginTests */ = {
			isa = PBXGroup;
			children = (
				E8CB8E4A20006EF800519A4A /* FacebookLoginTests.m */,
				E8CB8E4C20006EF800519A4A /* Info.plist */,
			);
			path = FacebookLoginTests;
			sourceTree = "<group>";
		};
		E8CB8E5420006EF800519A4A /* FacebookLoginUITests */ = {
			isa = PBXGroup;
			children = (
				E8CB8E5520006EF800519A4A /* FacebookLoginUITests.m */,
				E8CB8E5720006EF800519A4A /* Info.plist */,
			);
			path = FacebookLoginUITests;
			sourceTree = "<group>";
		};
		E8CB8E6320006F0C00519A4A /* Frameworks */ = {
			isa = PBXGroup;
			children = (
				E8CB8E682000712D00519A4A /* FBSDKLoginKit.framework */,
				E8CB8E662000712000519A4A /* FBSDKCoreKit.framework */,
				E8CB8E642000710E00519A4A /* Bolts.framework */,
			);
			path = Frameworks;
			sourceTree = "<group>";
		};
/* End PBXGroup section */

/* Begin PBXNativeTarget section */
		E8CB8E2A20006EF700519A4A /* FacebookLogin */ = {
			isa = PBXNativeTarget;
			buildConfigurationList = E8CB8E5A20006EF800519A4A /* Build configuration list for PBXNativeTarget "FacebookLogin" */;
			buildPhases = (
				E8CB8E2720006EF700519A4A /* Sources */,
				E8CB8E2820006EF700519A4A /* Frameworks */,
				E8CB8E2920006EF700519A4A /* Resources */,
			);
			buildRules = (
			);
			dependencies = (
			);
			name = FacebookLogin;
			productName = FacebookLogin;
			productReference = E8CB8E2B20006EF700519A4A /* FacebookLogin.app */;
			productType = "com.apple.product-type.application";
		};
		E8CB8E4520006EF800519A4A /* FacebookLoginTests */ = {
			isa = PBXNativeTarget;
			buildConfigurationList = E8CB8E5D20006EF800519A4A /* Build configuration list for PBXNativeTarget "FacebookLoginTests" */;
			buildPhases = (
				E8CB8E4220006EF800519A4A /* Sources */,
				E8CB8E4320006EF800519A4A /* Frameworks */,
				E8CB8E4420006EF800519A4A /* Resources */,
			);
			buildRules = (
			);
			dependencies = (
				E8CB8E4820006EF800519A4A /* PBXTargetDependency */,
			);
			name = FacebookLoginTests;
			productName = FacebookLoginTests;
			productReference = E8CB8E4620006EF800519A4A /* FacebookLoginTests.xctest */;
			productType = "com.apple.product-type.bundle.unit-test";
		};
		E8CB8E5020006EF800519A4A /* FacebookLoginUITests */ = {
			isa = PBXNativeTarget;
			buildConfigurationList = E8CB8E6020006EF800519A4A /* Build configuration list for PBXNativeTarget "FacebookLoginUITests" */;
			buildPhases = (
				E8CB8E4D20006EF800519A4A /* Sources */,
				E8CB8E4E20006EF800519A4A /* Frameworks */,
				E8CB8E4F20006EF800519A4A /* Resources */,
			);
			buildRules = (
			);
			dependencies = (
				E8CB8E5320006EF800519A4A /* PBXTargetDependency */,
			);
			name = FacebookLoginUITests;
			productName = FacebookLoginUITests;
			productReference = E8CB8E5120006EF800519A4A /* FacebookLoginUITests.xctest */;
			productType = "com.apple.product-type.bundle.ui-testing";
		};
/* End PBXNativeTarget section */

/* Begin PBXProject section */
		E8CB8E2320006EF700519A4A /* Project object */ = {
			isa = PBXProject;
			attributes = {
				LastUpgradeCheck = 0920;
				ORGANIZATIONNAME = "Naga Sai Jyothi ";
				TargetAttributes = {
					E8CB8E2A20006EF700519A4A = {
						CreatedOnToolsVersion = 9.2;
						ProvisioningStyle = Automatic;
					};
					E8CB8E4520006EF800519A4A = {
						CreatedOnToolsVersion = 9.2;
						ProvisioningStyle = Automatic;
						TestTargetID = E8CB8E2A20006EF700519A4A;
					};
					E8CB8E5020006EF800519A4A = {
						CreatedOnToolsVersion = 9.2;
						ProvisioningStyle = Automatic;
						TestTargetID = E8CB8E2A20006EF700519A4A;
					};
				};
			};
			buildConfigurationList = E8CB8E2620006EF700519A4A /* Build configuration list for PBXProject "FacebookLogin" */;
			compatibilityVersion = "Xcode 8.0";
			developmentRegion = en;
			hasScannedForEncodings = 0;
			knownRegions = (
				en,
				Base,
			);
			mainGroup = E8CB8E2220006EF700519A4A;
			productRefGroup = E8CB8E2C20006EF700519A4A /* Products */;
			projectDirPath = "";
			projectRoot = "";
			targets = (
				E8CB8E2A20006EF700519A4A /* FacebookLogin */,
				E8CB8E4520006EF800519A4A /* FacebookLoginTests */,
				E8CB8E5020006EF800519A4A /* FacebookLoginUITests */,
			);
		};
/* End PBXProject section */

/* Begin PBXResourcesBuildPhase section */
		E8CB8E2920006EF700519A4A /* Resources */ = {
			isa = PBXResourcesBuildPhase;
			buildActionMask = 2147483647;
			files = (
				E8CB8E3E20006EF800519A4A /* LaunchScreen.storyboard in Resources */,
				E8CB8E3B20006EF800519A4A /* Assets.xcassets in Resources */,
				E8CB8E3620006EF800519A4A /* Main.storyboard in Resources */,
			);
			runOnlyForDeploymentPostprocessing = 0;
		};
		E8CB8E4420006EF800519A4A /* Resources */ = {
			isa = PBXResourcesBuildPhase;
			buildActionMask = 2147483647;
			files = (
			);
			runOnlyForDeploymentPostprocessing = 0;
		};
		E8CB8E4F20006EF800519A4A /* Resources */ = {
			isa = PBXResourcesBuildPhase;
			buildActionMask = 2147483647;
			files = (
			);
			runOnlyForDeploymentPostprocessing = 0;
		};
/* End PBXResourcesBuildPhase section */

/* Begin PBXSourcesBuildPhase section */
		E8CB8E2720006EF700519A4A /* Sources */ = {
			isa = PBXSourcesBuildPhase;
			buildActionMask = 2147483647;
			files = (
				E8CB8E3320006EF800519A4A /* ViewController.m in Sources */,
				E8CB8E3020006EF700519A4A /* AppDelegate.m in Sources */,
				E8CB8E4120006EF800519A4A /* main.m in Sources */,
				E8CB8E6C2001B74A00519A4A /* HomeViewController.m in Sources */,
				E8CB8E3920006EF800519A4A /* FacebookLogin.xcdatamodeld in Sources */,
			);
			runOnlyForDeploymentPostprocessing = 0;
		};
		E8CB8E4220006EF800519A4A /* Sources */ = {
			isa = PBXSourcesBuildPhase;
			buildActionMask = 2147483647;
			files = (
				E8CB8E4B20006EF800519A4A /* FacebookLoginTests.m in Sources */,
			);
			runOnlyForDeploymentPostprocessing = 0;
		};
		E8CB8E4D20006EF800519A4A /* Sources */ = {
			isa = PBXSourcesBuildPhase;
			buildActionMask = 2147483647;
			files = (
				E8CB8E5620006EF800519A4A /* FacebookLoginUITests.m in Sources */,
			);
			runOnlyForDeploymentPostprocessing = 0;
		};
/* End PBXSourcesBuildPhase section */

/* Begin PBXTargetDependency section */
		E8CB8E4820006EF800519A4A /* PBXTargetDependency */ = {
			isa = PBXTargetDependency;
			target = E8CB8E2A20006EF700519A4A /* FacebookLogin */;
			targetProxy = E8CB8E4720006EF800519A4A /* PBXContainerItemProxy */;
		};
		E8CB8E5320006EF800519A4A /* PBXTargetDependency */ = {
			isa = PBXTargetDependency;
			target = E8CB8E2A20006EF700519A4A /* FacebookLogin */;
			targetProxy = E8CB8E5220006EF800519A4A /* PBXContainerItemProxy */;
		};
/* End PBXTargetDependency section */

/* Begin PBXVariantGroup section */
		E8CB8E3420006EF800519A4A /* Main.storyboard */ = {
			isa = PBXVariantGroup;
			children = (
				E8CB8E3520006EF800519A4A /* Base */,
			);
			name = Main.storyboard;
			sourceTree = "<group>";
		};
		E8CB8E3C20006EF800519A4A /* LaunchScreen.storyboard */ = {
			isa = PBXVariantGroup;
			children = (
				E8CB8E3D20006EF800519A4A /* Base */,
			);
			name = LaunchScreen.storyboard;
			sourceTree = "<group>";
		};
/* End PBXVariantGroup section */

/* Begin XCBuildConfiguration section */
		E8CB8E5820006EF800519A4A /* Debug */ = {
			isa = XCBuildConfiguration;
			buildSettings = {
				ALWAYS_SEARCH_USER_PATHS = NO;
				CLANG_ANALYZER_NONNULL = YES;
				CLANG_ANALYZER_NUMBER_OBJECT_CONVERSION = YES_AGGRESSIVE;
				CLANG_CXX_LANGUAGE_STANDARD = "gnu++14";
				CLANG_CXX_LIBRARY = "libc++";
				CLANG_ENABLE_MODULES = YES;
				CLANG_ENABLE_OBJC_ARC = YES;
				CLANG_WARN_BLOCK_CAPTURE_AUTORELEASING = YES;
				CLANG_WARN_BOOL_CONVERSION = YES;
				CLANG_WARN_COMMA = YES;
				CLANG_WARN_CONSTANT_CONVERSION = YES;
				CLANG_WARN_DIRECT_OBJC_ISA_USAGE = YES_ERROR;
				CLANG_WARN_DOCUMENTATION_COMMENTS = YES;
				CLANG_WARN_EMPTY_BODY = YES;
				CLANG_WARN_ENUM_CONVERSION = YES;
				CLANG_WARN_INFINITE_RECURSION = YES;
				CLANG_WARN_INT_CONVERSION = YES;
				CLANG_WARN_NON_LITERAL_NULL_CONVERSION = YES;
				CLANG_WARN_OBJC_LITERAL_CONVERSION = YES;
				CLANG_WARN_OBJC_ROOT_CLASS = YES_ERROR;
				CLANG_WARN_RANGE_LOOP_ANALYSIS = YES;
				CLANG_WARN_STRICT_PROTOTYPES = YES;
				CLANG_WARN_SUSPICIOUS_MOVE = YES;
				CLANG_WARN_UNGUARDED_AVAILABILITY = YES_AGGRESSIVE;
				CLANG_WARN_UNREACHABLE_CODE = YES;
				CLANG_WARN__DUPLICATE_METHOD_MATCH = YES;
				CODE_SIGN_IDENTITY = "iPhone Developer";
				COPY_PHASE_STRIP = NO;
				DEBUG_INFORMATION_FORMAT = dwarf;
				ENABLE_STRICT_OBJC_MSGSEND = YES;
				ENABLE_TESTABILITY = YES;
				GCC_C_LANGUAGE_STANDARD = gnu11;
				GCC_DYNAMIC_NO_PIC = NO;
				GCC_NO_COMMON_BLOCKS = YES;
				GCC_OPTIMIZATION_LEVEL = 0;
				GCC_PREPROCESSOR_DEFINITIONS = (
					"DEBUG=1",
					"$(inherited)",
				);
				GCC_WARN_64_TO_32_BIT_CONVERSION = YES;
				GCC_WARN_ABOUT_RETURN_TYPE = YES_ERROR;
				GCC_WARN_UNDECLARED_SELECTOR = YES;
				GCC_WARN_UNINITIALIZED_AUTOS = YES_AGGRESSIVE;
				GCC_WARN_UNUSED_FUNCTION = YES;
				GCC_WARN_UNUSED_VARIABLE = YES;
				IPHONEOS_DEPLOYMENT_TARGET = 11.2;
				MTL_ENABLE_DEBUG_INFO = YES;
				ONLY_ACTIVE_ARCH = YES;
				SDKROOT = iphoneos;
			};
			name = Debug;
		};
		E8CB8E5920006EF800519A4A /* Release */ = {
			isa = XCBuildConfiguration;
			buildSettings = {
				ALWAYS_SEARCH_USER_PATHS = NO;
				CLANG_ANALYZER_NONNULL = YES;
				CLANG_ANALYZER_NUMBER_OBJECT_CONVERSION = YES_AGGRESSIVE;
				CLANG_CXX_LANGUAGE_STANDARD = "gnu++14";
				CLANG_CXX_LIBRARY = "libc++";
				CLANG_ENABLE_MODULES = YES;
				CLANG_ENABLE_OBJC_ARC = YES;
				CLANG_WARN_BLOCK_CAPTURE_AUTORELEASING = YES;
				CLANG_WARN_BOOL_CONVERSION = YES;
				CLANG_WARN_COMMA = YES;
				CLANG_WARN_CONSTANT_CONVERSION = YES;
				CLANG_WARN_DIRECT_OBJC_ISA_USAGE = YES_ERROR;
				CLANG_WARN_DOCUMENTATION_COMMENTS = YES;
				CLANG_WARN_EMPTY_BODY = YES;
				CLANG_WARN_ENUM_CONVERSION = YES;
				CLANG_WARN_INFINITE_RECURSION = YES;
				CLANG_WARN_INT_CONVERSION = YES;
				CLANG_WARN_NON_LITERAL_NULL_CONVERSION = YES;
				CLANG_WARN_OBJC_LITERAL_CONVERSION = YES;
				CLANG_WARN_OBJC_ROOT_CLASS = YES_ERROR;
				CLANG_WARN_RANGE_LOOP_ANALYSIS = YES;
				CLANG_WARN_STRICT_PROTOTYPES = YES;
				CLANG_WARN_SUSPICIOUS_MOVE = YES;
				CLANG_WARN_UNGUARDED_AVAILABILITY = YES_AGGRESSIVE;
				CLANG_WARN_UNREACHABLE_CODE = YES;
				CLANG_WARN__DUPLICATE_METHOD_MATCH = YES;
				CODE_SIGN_IDENTITY = "iPhone Developer";
				COPY_PHASE_STRIP = NO;
				DEBUG_INFORMATION_FORMAT = "dwarf-with-dsym";
				ENABLE_NS_ASSERTIONS = NO;
				ENABLE_STRICT_OBJC_MSGSEND = YES;
				GCC_C_LANGUAGE_STANDARD = gnu11;
				GCC_NO_COMMON_BLOCKS = YES;
				GCC_WARN_64_TO_32_BIT_CONVERSION = YES;
				GCC_WARN_ABOUT_RETURN_TYPE = YES_ERROR;
				GCC_WARN_UNDECLARED_SELECTOR = YES;
				GCC_WARN_UNINITIALIZED_AUTOS = YES_AGGRESSIVE;
				GCC_WARN_UNUSED_FUNCTION = YES;
				GCC_WARN_UNUSED_VARIABLE = YES;
				IPHONEOS_DEPLOYMENT_TARGET = 11.2;
				MTL_ENABLE_DEBUG_INFO = NO;
				SDKROOT = iphoneos;
				VALIDATE_PRODUCT = YES;
			};
			name = Release;
		};
		E8CB8E5B20006EF800519A4A /* Debug */ = {
			isa = XCBuildConfiguration;
			buildSettings = {
				ASSETCATALOG_COMPILER_APPICON_NAME = AppIcon;
				CODE_SIGN_STYLE = Automatic;
				DEVELOPMENT_TEAM = 5QB3R6SYM9;
				FRAMEWORK_SEARCH_PATHS = (
					"$(inherited)",
					"$(PROJECT_DIR)/Frameworks",
				);
				INFOPLIST_FILE = FacebookLogin/Info.plist;
				LD_RUNPATH_SEARCH_PATHS = "$(inherited) @executable_path/Frameworks";
				PRODUCT_BUNDLE_IDENTIFIER = naga.FacebookLogin;
				PRODUCT_NAME = "$(TARGET_NAME)";
				TARGETED_DEVICE_FAMILY = "1,2";
			};
			name = Debug;
		};
		E8CB8E5C20006EF800519A4A /* Release */ = {
			isa = XCBuildConfiguration;
			buildSettings = {
				ASSETCATALOG_COMPILER_APPICON_NAME = AppIcon;
				CODE_SIGN_STYLE = Automatic;
				DEVELOPMENT_TEAM = 5QB3R6SYM9;
				FRAMEWORK_SEARCH_PATHS = (
					"$(inherited)",
					"$(PROJECT_DIR)/Frameworks",
				);
				INFOPLIST_FILE = FacebookLogin/Info.plist;
				LD_RUNPATH_SEARCH_PATHS = "$(inherited) @executable_path/Frameworks";
				PRODUCT_BUNDLE_IDENTIFIER = naga.FacebookLogin;
				PRODUCT_NAME = "$(TARGET_NAME)";
				TARGETED_DEVICE_FAMILY = "1,2";
			};
			name = Release;
		};
		E8CB8E5E20006EF800519A4A /* Debug */ = {
			isa = XCBuildConfiguration;
			buildSettings = {
				BUNDLE_LOADER = "$(TEST_HOST)";
				CODE_SIGN_STYLE = Automatic;
				DEVELOPMENT_TEAM = 5QB3R6SYM9;
				INFOPLIST_FILE = FacebookLoginTests/Info.plist;
				LD_RUNPATH_SEARCH_PATHS = "$(inherited) @executable_path/Frameworks @loader_path/Frameworks";
				PRODUCT_BUNDLE_IDENTIFIER = naga.FacebookLoginTests;
				PRODUCT_NAME = "$(TARGET_NAME)";
				TARGETED_DEVICE_FAMILY = "1,2";
				TEST_HOST = "$(BUILT_PRODUCTS_DIR)/FacebookLogin.app/FacebookLogin";
			};
			name = Debug;
		};
		E8CB8E5F20006EF800519A4A /* Release */ = {
			isa = XCBuildConfiguration;
			buildSettings = {
				BUNDLE_LOADER = "$(TEST_HOST)";
				CODE_SIGN_STYLE = Automatic;
				DEVELOPMENT_TEAM = 5QB3R6SYM9;
				INFOPLIST_FILE = FacebookLoginTests/Info.plist;
				LD_RUNPATH_SEARCH_PATHS = "$(inherited) @executable_path/Frameworks @loader_path/Frameworks";
				PRODUCT_BUNDLE_IDENTIFIER = naga.FacebookLoginTests;
				PRODUCT_NAME = "$(TARGET_NAME)";
				TARGETED_DEVICE_FAMILY = "1,2";
				TEST_HOST = "$(BUILT_PRODUCTS_DIR)/FacebookLogin.app/FacebookLogin";
			};
			name = Release;
		};
		E8CB8E6120006EF800519A4A /* Debug */ = {
			isa = XCBuildConfiguration;
			buildSettings = {
				CODE_SIGN_STYLE = Automatic;
				DEVELOPMENT_TEAM = 5QB3R6SYM9;
				INFOPLIST_FILE = FacebookLoginUITests/Info.plist;
				LD_RUNPATH_SEARCH_PATHS = "$(inherited) @executable_path/Frameworks @loader_path/Frameworks";
				PRODUCT_BUNDLE_IDENTIFIER = naga.FacebookLoginUITests;
				PRODUCT_NAME = "$(TARGET_NAME)";
				TARGETED_DEVICE_FAMILY = "1,2";
				TEST_TARGET_NAME = FacebookLogin;
			};
			name = Debug;
		};
		E8CB8E6220006EF800519A4A /* Release */ = {
			isa = XCBuildConfiguration;
			buildSettings = {
				CODE_SIGN_STYLE = Automatic;
				DEVELOPMENT_TEAM = 5QB3R6SYM9;
				INFOPLIST_FILE = FacebookLoginUITests/Info.plist;
				LD_RUNPATH_SEARCH_PATHS = "$(inherited) @executable_path/Frameworks @loader_path/Frameworks";
				PRODUCT_BUNDLE_IDENTIFIER = naga.FacebookLoginUITests;
				PRODUCT_NAME = "$(TARGET_NAME)";
				TARGETED_DEVICE_FAMILY = "1,2";
				TEST_TARGET_NAME = FacebookLogin;
			};
			name = Release;
		};
/* End XCBuildConfiguration section */

/* Begin XCConfigurationList section */
		E8CB8E2620006EF700519A4A /* Build configuration list for PBXProject "FacebookLogin" */ = {
			isa = XCConfigurationList;
			buildConfigurations = (
				E8CB8E5820006EF800519A4A /* Debug */,
				E8CB8E5920006EF800519A4A /* Release */,
			);
			defaultConfigurationIsVisible = 0;
			defaultConfigurationName = Release;
		};
		E8CB8E5A20006EF800519A4A /* Build configuration list for PBXNativeTarget "FacebookLogin" */ = {
			isa = XCConfigurationList;
			buildConfigurations = (
				E8CB8E5B20006EF800519A4A /* Debug */,
				E8CB8E5C20006EF800519A4A /* Release */,
			);
			defaultConfigurationIsVisible = 0;
			defaultConfigurationName = Release;
		};
		E8CB8E5D20006EF800519A4A /* Build configuration list for PBXNativeTarget "FacebookLoginTests" */ = {
			isa = XCConfigurationList;
			buildConfigurations = (
				E8CB8E5E20006EF800519A4A /* Debug */,
				E8CB8E5F20006EF800519A4A /* Release */,
			);
			defaultConfigurationIsVisible = 0;
			defaultConfigurationName = Release;
		};
		E8CB8E6020006EF800519A4A /* Build configuration list for PBXNativeTarget "FacebookLoginUITests" */ = {
			isa = XCConfigurationList;
			buildConfigurations = (
				E8CB8E6120006EF800519A4A /* Debug */,
				E8CB8E6220006EF800519A4A /* Release */,
			);
			defaultConfigurationIsVisible = 0;
			defaultConfigurationName = Release;
		};
/* End XCConfigurationList section */

/* Begin XCVersionGroup section */
		E8CB8E3720006EF800519A4A /* FacebookLogin.xcdatamodeld */ = {
			isa = XCVersionGroup;
			children = (
				E8CB8E3820006EF800519A4A /* FacebookLogin.xcdatamodel */,
			);
			currentVersion = E8CB8E3820006EF800519A4A /* FacebookLogin.xcdatamodel */;
			path = FacebookLogin.xcdatamodeld;
			sourceTree = "<group>";
			versionGroupType = wrapper.xcdatamodel;
		};
/* End XCVersionGroup section */
	};
	rootObject = E8CB8E2320006EF700519A4A /* Project object */;
}
